
Microsoft Visual Studio Solution File, Format Version 12.00
# Visual Studio Version 17
VisualStudioVersion = 17.9.34728.123
MinimumVisualStudioVersion = 10.0.40219.1
Project("{FAE04EC0-301F-11D3-BF4B-00C04F79EFBC}") = "Chatbox", "Chatbox\Chatbox.csproj", "{FC1420A8-2591-4170-9296-F3E7F76C41B1}"
EndProject
Global
	GlobalSection(SolutionConfigurationPlatforms) = preSolution
		Debug|Any CPU = Debug|Any CPU
		Release|Any CPU = Release|Any CPU
	EndGlobalSection
	GlobalSection(ProjectConfigurationPlatforms) = postSolution
		{FC1420A8-2591-4170-9296-F3E7F76C41B1}.Debug|Any CPU.ActiveCfg = Debug|Any CPU
		{FC1420A8-2591-4170-9296-F3E7F76C41B1}.Debug|Any CPU.Build.0 = Debug|Any CPU
		{FC1420A8-2591-4170-9296-F3E7F76C41B1}.Release|Any CPU.ActiveCfg = Release|Any CPU
		{FC1420A8-2591-4170-9296-F3E7F76C41B1}.Release|Any CPU.Build.0 = Release|Any CPU
	EndGlobalSection
	GlobalSection(SolutionProperties) = preSolution
		HideSolutionNode = FALSE
	EndGlobalSection
	GlobalSection(ExtensibilityGlobals) = postSolution
		SolutionGuid = {CFA4F791-89F9-48C6-B137-BE42DA508B87}
	EndGlobalSection
EndGlobal
